
Microsoft Visual Studio Solution File, Format Version 12.00
# Visual Studio Version 16
VisualStudioVersion = 16.0.31019.35
MinimumVisualStudioVersion = 10.0.40219.1
Project("{9A19103F-16F7-4668-BE54-9A1E7A4F7556}") = "Legion1", "Legion1\Legion1.csproj", "{E4790ECE-F94B-48AD-8722-79D3FD1E0062}"
EndProject
Global
	GlobalSection(SolutionConfigurationPlatforms) = preSolution
		Debug|Any CPU = Debug|Any CPU
		Release|Any CPU = Release|Any CPU
	EndGlobalSection
	GlobalSection(ProjectConfigurationPlatforms) = postSolution
		{E4790ECE-F94B-48AD-8722-79D3FD1E0062}.Debug|Any CPU.ActiveCfg = Debug|Any CPU
		{E4790ECE-F94B-48AD-8722-79D3FD1E0062}.Debug|Any CPU.Build.0 = Debug|Any CPU
		{E4790ECE-F94B-48AD-8722-79D3FD1E0062}.Release|Any CPU.ActiveCfg = Release|Any CPU
		{E4790ECE-F94B-48AD-8722-79D3FD1E0062}.Release|Any CPU.Build.0 = Release|Any CPU
	EndGlobalSection
	GlobalSection(SolutionProperties) = preSolution
		HideSolutionNode = FALSE
	EndGlobalSection
	GlobalSection(ExtensibilityGlobals) = postSolution
		SolutionGuid = {5977CCF2-E457-46F0-928F-B5BE7C87FBAC}
	EndGlobalSection
EndGlobal
